
Microsoft Visual Studio Solution File, Format Version 12.00
# Visual Studio Version 16
VisualStudioVersion = 16.0.30011.22
MinimumVisualStudioVersion = 10.0.40219.1
Project("{FAE04EC0-301F-11D3-BF4B-00C04F79EFBC}") = "GameOne", "GameOne\GameOne.csproj", "{04936AF6-79BF-48A4-A439-70D82DA2C262}"
EndProject
Global
	GlobalSection(SolutionConfigurationPlatforms) = preSolution
		Debug|Any CPU = Debug|Any CPU
		Release|Any CPU = Release|Any CPU
	EndGlobalSection
	GlobalSection(ProjectConfigurationPlatforms) = postSolution
		{04936AF6-79BF-48A4-A439-70D82DA2C262}.Debug|Any CPU.ActiveCfg = Debug|Any CPU
		{04936AF6-79BF-48A4-A439-70D82DA2C262}.Debug|Any CPU.Build.0 = Debug|Any CPU
		{04936AF6-79BF-48A4-A439-70D82DA2C262}.Release|Any CPU.ActiveCfg = Release|Any CPU
		{04936AF6-79BF-48A4-A439-70D82DA2C262}.Release|Any CPU.Build.0 = Release|Any CPU
	EndGlobalSection
	GlobalSection(SolutionProperties) = preSolution
		HideSolutionNode = FALSE
	EndGlobalSection
	GlobalSection(ExtensibilityGlobals) = postSolution
		SolutionGuid = {CF7B2F8D-6B7C-4A11-AEA4-0FCFFB0A8637}
	EndGlobalSection
EndGlobal
